
Microsoft Visual Studio Solution File, Format Version 12.00
# Visual Studio 2013
VisualStudioVersion = 12.0.31101.0
MinimumVisualStudioVersion = 10.0.40219.1
Project("{FAE04EC0-301F-11D3-BF4B-00C04F79EFBC}") = "ExcelAddIn1", "ExcelAddIn1\ExcelAddIn1.csproj", "{566C6FCE-EFD2-415D-8F56-8A5A4F2FF196}"
EndProject
Project("{6141683F-8A12-4E36-9623-2EB02B2C2303}") = "SetupEdTools", "SetupEdTools\SetupEdTools.isproj", "{7D17086E-953F-4B8D-B0A3-5A0A32A5E3F0}"
EndProject
Global
	GlobalSection(SolutionConfigurationPlatforms) = preSolution
		CD_ROM|Any CPU = CD_ROM|Any CPU
		Debug|Any CPU = Debug|Any CPU
		DVD-5|Any CPU = DVD-5|Any CPU
		Release|Any CPU = Release|Any CPU
		SingleImage|Any CPU = SingleImage|Any CPU
	EndGlobalSection
	GlobalSection(ProjectConfigurationPlatforms) = postSolution
		{566C6FCE-EFD2-415D-8F56-8A5A4F2FF196}.CD_ROM|Any CPU.ActiveCfg = Release|Any CPU
		{566C6FCE-EFD2-415D-8F56-8A5A4F2FF196}.CD_ROM|Any CPU.Build.0 = Release|Any CPU
		{566C6FCE-EFD2-415D-8F56-8A5A4F2FF196}.Debug|Any CPU.ActiveCfg = Debug|Any CPU
		{566C6FCE-EFD2-415D-8F56-8A5A4F2FF196}.Debug|Any CPU.Build.0 = Debug|Any CPU
		{566C6FCE-EFD2-415D-8F56-8A5A4F2FF196}.DVD-5|Any CPU.ActiveCfg = Debug|Any CPU
		{566C6FCE-EFD2-415D-8F56-8A5A4F2FF196}.DVD-5|Any CPU.Build.0 = Debug|Any CPU
		{566C6FCE-EFD2-415D-8F56-8A5A4F2FF196}.Release|Any CPU.ActiveCfg = Release|Any CPU
		{566C6FCE-EFD2-415D-8F56-8A5A4F2FF196}.Release|Any CPU.Build.0 = Release|Any CPU
		{566C6FCE-EFD2-415D-8F56-8A5A4F2FF196}.SingleImage|Any CPU.ActiveCfg = Release|Any CPU
		{566C6FCE-EFD2-415D-8F56-8A5A4F2FF196}.SingleImage|Any CPU.Build.0 = Release|Any CPU
		{7D17086E-953F-4B8D-B0A3-5A0A32A5E3F0}.CD_ROM|Any CPU.ActiveCfg = CD_ROM
		{7D17086E-953F-4B8D-B0A3-5A0A32A5E3F0}.CD_ROM|Any CPU.Build.0 = CD_ROM
		{7D17086E-953F-4B8D-B0A3-5A0A32A5E3F0}.Debug|Any CPU.ActiveCfg = DVD-5
		{7D17086E-953F-4B8D-B0A3-5A0A32A5E3F0}.Debug|Any CPU.Build.0 = DVD-5
		{7D17086E-953F-4B8D-B0A3-5A0A32A5E3F0}.DVD-5|Any CPU.ActiveCfg = DVD-5
		{7D17086E-953F-4B8D-B0A3-5A0A32A5E3F0}.DVD-5|Any CPU.Build.0 = DVD-5
		{7D17086E-953F-4B8D-B0A3-5A0A32A5E3F0}.Release|Any CPU.ActiveCfg = SingleImage
		{7D17086E-953F-4B8D-B0A3-5A0A32A5E3F0}.Release|Any CPU.Build.0 = SingleImage
		{7D17086E-953F-4B8D-B0A3-5A0A32A5E3F0}.SingleImage|Any CPU.ActiveCfg = SingleImage
		{7D17086E-953F-4B8D-B0A3-5A0A32A5E3F0}.SingleImage|Any CPU.Build.0 = SingleImage
	EndGlobalSection
	GlobalSection(SolutionProperties) = preSolution
		HideSolutionNode = FALSE
	EndGlobalSection
EndGlobal
